
Microsoft Visual Studio Solution File, Format Version 12.00
# Visual Studio 15
VisualStudioVersion = 15.0.27428.2005
MinimumVisualStudioVersion = 10.0.40219.1
Project("{9A19103F-16F7-4668-BE54-9A1E7A4F7556}") = "MSLibrary", "MSLibrary.csproj", "{4E298ACD-5184-4149-99DD-50CE0DC9D406}"
EndProject
Project("{9A19103F-16F7-4668-BE54-9A1E7A4F7556}") = "UnitTest", "..\CoreTest\UnitTest\UnitTest.csproj", "{C6F22765-327A-4280-A944-E10408F3BD84}"
EndProject
Project("{FAE04EC0-301F-11D3-BF4B-00C04F79EFBC}") = "UnitTestClassic", "..\UnitTestClassic\UnitTestClassic.csproj", "{48FF3251-C924-4870-B63C-8B3D8100F1A4}"
EndProject
Project("{FAE04EC0-301F-11D3-BF4B-00C04F79EFBC}") = "TestConsole", "..\TestConsole\TestConsole.csproj", "{69C7D8A3-58C2-493B-BABC-D249481EAC7A}"
EndProject
Project("{FAE04EC0-301F-11D3-BF4B-00C04F79EFBC}") = "TestCoreConsole", "..\TestCoreConsole\TestCoreConsole.csproj", "{AB833897-CAF6-4F99-8429-4F311EC8F22A}"
EndProject
Project("{FAE04EC0-301F-11D3-BF4B-00C04F79EFBC}") = "ProtoGenerator", "..\ProtoGenerator\ProtoGenerator.csproj", "{27AA6F2A-2684-41C1-BBF5-17C929B994EF}"
EndProject
Project("{FAE04EC0-301F-11D3-BF4B-00C04F79EFBC}") = "GrpcClient", "..\GrpcClient\GrpcClient.csproj", "{A9A895FF-F18B-4488-A6F5-C2AB4ED9CBA7}"
EndProject
Project("{FAE04EC0-301F-11D3-BF4B-00C04F79EFBC}") = "GrpcServer", "..\GrpcServer\GrpcServer.csproj", "{2A4361B5-4A2A-4C81-9E61-661D312B1C79}"
EndProject
Project("{FAE04EC0-301F-11D3-BF4B-00C04F79EFBC}") = "GrpcMain", "..\GrpcMain\GrpcMain.csproj", "{632AE335-7372-4A2F-B894-575B904A2237}"
EndProject
Global
	GlobalSection(SolutionConfigurationPlatforms) = preSolution
		Debug|Any CPU = Debug|Any CPU
		Release|Any CPU = Release|Any CPU
	EndGlobalSection
	GlobalSection(ProjectConfigurationPlatforms) = postSolution
		{4E298ACD-5184-4149-99DD-50CE0DC9D406}.Debug|Any CPU.ActiveCfg = Debug|Any CPU
		{4E298ACD-5184-4149-99DD-50CE0DC9D406}.Debug|Any CPU.Build.0 = Debug|Any CPU
		{4E298ACD-5184-4149-99DD-50CE0DC9D406}.Release|Any CPU.ActiveCfg = Release|Any CPU
		{4E298ACD-5184-4149-99DD-50CE0DC9D406}.Release|Any CPU.Build.0 = Release|Any CPU
		{C6F22765-327A-4280-A944-E10408F3BD84}.Debug|Any CPU.ActiveCfg = Debug|Any CPU
		{C6F22765-327A-4280-A944-E10408F3BD84}.Debug|Any CPU.Build.0 = Debug|Any CPU
		{C6F22765-327A-4280-A944-E10408F3BD84}.Release|Any CPU.ActiveCfg = Release|Any CPU
		{C6F22765-327A-4280-A944-E10408F3BD84}.Release|Any CPU.Build.0 = Release|Any CPU
		{48FF3251-C924-4870-B63C-8B3D8100F1A4}.Debug|Any CPU.ActiveCfg = Debug|Any CPU
		{48FF3251-C924-4870-B63C-8B3D8100F1A4}.Debug|Any CPU.Build.0 = Debug|Any CPU
		{48FF3251-C924-4870-B63C-8B3D8100F1A4}.Release|Any CPU.ActiveCfg = Release|Any CPU
		{48FF3251-C924-4870-B63C-8B3D8100F1A4}.Release|Any CPU.Build.0 = Release|Any CPU
		{69C7D8A3-58C2-493B-BABC-D249481EAC7A}.Debug|Any CPU.ActiveCfg = Debug|Any CPU
		{69C7D8A3-58C2-493B-BABC-D249481EAC7A}.Debug|Any CPU.Build.0 = Debug|Any CPU
		{69C7D8A3-58C2-493B-BABC-D249481EAC7A}.Release|Any CPU.ActiveCfg = Release|Any CPU
		{69C7D8A3-58C2-493B-BABC-D249481EAC7A}.Release|Any CPU.Build.0 = Release|Any CPU
		{AB833897-CAF6-4F99-8429-4F311EC8F22A}.Debug|Any CPU.ActiveCfg = Debug|Any CPU
		{AB833897-CAF6-4F99-8429-4F311EC8F22A}.Debug|Any CPU.Build.0 = Debug|Any CPU
		{AB833897-CAF6-4F99-8429-4F311EC8F22A}.Release|Any CPU.ActiveCfg = Release|Any CPU
		{AB833897-CAF6-4F99-8429-4F311EC8F22A}.Release|Any CPU.Build.0 = Release|Any CPU
		{27AA6F2A-2684-41C1-BBF5-17C929B994EF}.Debug|Any CPU.ActiveCfg = Debug|Any CPU
		{27AA6F2A-2684-41C1-BBF5-17C929B994EF}.Debug|Any CPU.Build.0 = Debug|Any CPU
		{27AA6F2A-2684-41C1-BBF5-17C929B994EF}.Release|Any CPU.ActiveCfg = Release|Any CPU
		{27AA6F2A-2684-41C1-BBF5-17C929B994EF}.Release|Any CPU.Build.0 = Release|Any CPU
		{A9A895FF-F18B-4488-A6F5-C2AB4ED9CBA7}.Debug|Any CPU.ActiveCfg = Debug|Any CPU
		{A9A895FF-F18B-4488-A6F5-C2AB4ED9CBA7}.Debug|Any CPU.Build.0 = Debug|Any CPU
		{A9A895FF-F18B-4488-A6F5-C2AB4ED9CBA7}.Release|Any CPU.ActiveCfg = Release|Any CPU
		{A9A895FF-F18B-4488-A6F5-C2AB4ED9CBA7}.Release|Any CPU.Build.0 = Release|Any CPU
		{2A4361B5-4A2A-4C81-9E61-661D312B1C79}.Debug|Any CPU.ActiveCfg = Debug|Any CPU
		{2A4361B5-4A2A-4C81-9E61-661D312B1C79}.Debug|Any CPU.Build.0 = Debug|Any CPU
		{2A4361B5-4A2A-4C81-9E61-661D312B1C79}.Release|Any CPU.ActiveCfg = Release|Any CPU
		{2A4361B5-4A2A-4C81-9E61-661D312B1C79}.Release|Any CPU.Build.0 = Release|Any CPU
		{632AE335-7372-4A2F-B894-575B904A2237}.Debug|Any CPU.ActiveCfg = Debug|Any CPU
		{632AE335-7372-4A2F-B894-575B904A2237}.Debug|Any CPU.Build.0 = Debug|Any CPU
		{632AE335-7372-4A2F-B894-575B904A2237}.Release|Any CPU.ActiveCfg = Release|Any CPU
		{632AE335-7372-4A2F-B894-575B904A2237}.Release|Any CPU.Build.0 = Release|Any CPU
	EndGlobalSection
	GlobalSection(SolutionProperties) = preSolution
		HideSolutionNode = FALSE
	EndGlobalSection
	GlobalSection(ExtensibilityGlobals) = postSolution
		SolutionGuid = {4117C95D-DB78-45E2-B934-9A68859DCF38}
	EndGlobalSection
EndGlobal
