
Microsoft Visual Studio Solution File, Format Version 12.00
# Visual Studio Version 16
VisualStudioVersion = 16.0.30114.105
MinimumVisualStudioVersion = 10.0.40219.1
Project("{9092AA53-FB77-4645-B42D-1CCCA6BD08BD}") = "TestPlatform.Portal.Web", "TestPlatform.Portal.Web.njsproj", "{AAF54A8B-C0C2-4B46-BFB5-6FCC117D127A}"
EndProject
Global
	GlobalSection(SolutionConfigurationPlatforms) = preSolution
		Debug|Any CPU = Debug|Any CPU
		Release|Any CPU = Release|Any CPU
	EndGlobalSection
	GlobalSection(ProjectConfigurationPlatforms) = postSolution
		{AAF54A8B-C0C2-4B46-BFB5-6FCC117D127A}.Debug|Any CPU.ActiveCfg = Debug|Any CPU
		{AAF54A8B-C0C2-4B46-BFB5-6FCC117D127A}.Debug|Any CPU.Build.0 = Debug|Any CPU
		{AAF54A8B-C0C2-4B46-BFB5-6FCC117D127A}.Release|Any CPU.ActiveCfg = Release|Any CPU
		{AAF54A8B-C0C2-4B46-BFB5-6FCC117D127A}.Release|Any CPU.Build.0 = Release|Any CPU
	EndGlobalSection
	GlobalSection(SolutionProperties) = preSolution
		HideSolutionNode = FALSE
	EndGlobalSection
	GlobalSection(ExtensibilityGlobals) = postSolution
		SolutionGuid = {899F25E2-EEF3-44A2-85AB-1AD1002E52A3}
	EndGlobalSection
EndGlobal
